
Microsoft Visual Studio Solution File, Format Version 12.00
# Visual Studio Version 17
VisualStudioVersion = 17.5.33424.131
MinimumVisualStudioVersion = 10.0.40219.1
Project("{FAE04EC0-301F-11D3-BF4B-00C04F79EFBC}") = "Day1", "Day1\Day1.csproj", "{C4D104AA-9D43-47C5-8BA3-C9D4D6C8905C}"
EndProject
Project("{FAE04EC0-301F-11D3-BF4B-00C04F79EFBC}") = "Day2", "Day2\Day2.csproj", "{67951C4D-F4D6-4E60-AD0B-1AF5EACC0A75}"
EndProject
Project("{FAE04EC0-301F-11D3-BF4B-00C04F79EFBC}") = "Day3", "Day3\Day3.csproj", "{9037ED90-1A5A-4632-AD12-3CE877B9BBE8}"
EndProject
Project("{FAE04EC0-301F-11D3-BF4B-00C04F79EFBC}") = "Day4", "Day4\Day4.csproj", "{C470BFAB-52E5-4648-A432-D5CFDC37B9A5}"
EndProject
Project("{FAE04EC0-301F-11D3-BF4B-00C04F79EFBC}") = "Day5", "Day5\Day5.csproj", "{986E6C49-436F-4CE8-9FC0-EA4F0329D178}"
EndProject
Project("{FAE04EC0-301F-11D3-BF4B-00C04F79EFBC}") = "Day6", "Day6\Day6.csproj", "{E1AF2324-D6FC-439E-AD80-3861929CAF9E}"
EndProject
Project("{FAE04EC0-301F-11D3-BF4B-00C04F79EFBC}") = "Day7", "Day7\Day7.csproj", "{77CC02D1-E1EE-45F6-8EC3-835E39458283}"
EndProject
Project("{FAE04EC0-301F-11D3-BF4B-00C04F79EFBC}") = "Day8", "Day8\Day8.csproj", "{89C22B56-1796-4F2B-B318-08E35090BF73}"
EndProject
Project("{FAE04EC0-301F-11D3-BF4B-00C04F79EFBC}") = "Day9", "Day9\Day9.csproj", "{6C9B977B-96EF-452E-987B-A1633C14C50F}"
EndProject
Project("{FAE04EC0-301F-11D3-BF4B-00C04F79EFBC}") = "Day10", "Day10\Day10.csproj", "{B93C3911-CCAF-45DD-8091-493770561775}"
EndProject
Project("{FAE04EC0-301F-11D3-BF4B-00C04F79EFBC}") = "Day11", "Day11\Day11.csproj", "{AE23632B-2311-4618-BFC1-9768E22BC0BC}"
EndProject
Project("{FAE04EC0-301F-11D3-BF4B-00C04F79EFBC}") = "Day12", "Day12\Day12.csproj", "{8F8E09D4-5AEC-4094-A9F5-43D9ED2FB901}"
EndProject
Project("{FAE04EC0-301F-11D3-BF4B-00C04F79EFBC}") = "Day13", "Day13\Day13.csproj", "{B688BC1E-90AB-4795-BDBE-6387C2B9D0A9}"
EndProject
Project("{FAE04EC0-301F-11D3-BF4B-00C04F79EFBC}") = "Day14", "Day14\Day14.csproj", "{2B166822-0036-4448-9AF8-BD5C5E38E1C7}"
EndProject
Project("{FAE04EC0-301F-11D3-BF4B-00C04F79EFBC}") = "Day15", "Day15\Day15.csproj", "{B35B89FB-8B1A-46E5-A4F0-F740687FD9E2}"
EndProject
Project("{FAE04EC0-301F-11D3-BF4B-00C04F79EFBC}") = "Day16", "Day16\Day16.csproj", "{5BFB44CA-4B46-44EF-B811-09C4E04AEFD1}"
EndProject
Global
	GlobalSection(SolutionConfigurationPlatforms) = preSolution
		Debug|Any CPU = Debug|Any CPU
		Release|Any CPU = Release|Any CPU
	EndGlobalSection
	GlobalSection(ProjectConfigurationPlatforms) = postSolution
		{C4D104AA-9D43-47C5-8BA3-C9D4D6C8905C}.Debug|Any CPU.ActiveCfg = Debug|Any CPU
		{C4D104AA-9D43-47C5-8BA3-C9D4D6C8905C}.Debug|Any CPU.Build.0 = Debug|Any CPU
		{C4D104AA-9D43-47C5-8BA3-C9D4D6C8905C}.Release|Any CPU.ActiveCfg = Release|Any CPU
		{C4D104AA-9D43-47C5-8BA3-C9D4D6C8905C}.Release|Any CPU.Build.0 = Release|Any CPU
		{67951C4D-F4D6-4E60-AD0B-1AF5EACC0A75}.Debug|Any CPU.ActiveCfg = Debug|Any CPU
		{67951C4D-F4D6-4E60-AD0B-1AF5EACC0A75}.Debug|Any CPU.Build.0 = Debug|Any CPU
		{67951C4D-F4D6-4E60-AD0B-1AF5EACC0A75}.Release|Any CPU.ActiveCfg = Release|Any CPU
		{67951C4D-F4D6-4E60-AD0B-1AF5EACC0A75}.Release|Any CPU.Build.0 = Release|Any CPU
		{9037ED90-1A5A-4632-AD12-3CE877B9BBE8}.Debug|Any CPU.ActiveCfg = Debug|Any CPU
		{9037ED90-1A5A-4632-AD12-3CE877B9BBE8}.Debug|Any CPU.Build.0 = Debug|Any CPU
		{9037ED90-1A5A-4632-AD12-3CE877B9BBE8}.Release|Any CPU.ActiveCfg = Release|Any CPU
		{9037ED90-1A5A-4632-AD12-3CE877B9BBE8}.Release|Any CPU.Build.0 = Release|Any CPU
		{C470BFAB-52E5-4648-A432-D5CFDC37B9A5}.Debug|Any CPU.ActiveCfg = Debug|Any CPU
		{C470BFAB-52E5-4648-A432-D5CFDC37B9A5}.Debug|Any CPU.Build.0 = Debug|Any CPU
		{C470BFAB-52E5-4648-A432-D5CFDC37B9A5}.Release|Any CPU.ActiveCfg = Release|Any CPU
		{C470BFAB-52E5-4648-A432-D5CFDC37B9A5}.Release|Any CPU.Build.0 = Release|Any CPU
		{986E6C49-436F-4CE8-9FC0-EA4F0329D178}.Debug|Any CPU.ActiveCfg = Debug|Any CPU
		{986E6C49-436F-4CE8-9FC0-EA4F0329D178}.Debug|Any CPU.Build.0 = Debug|Any CPU
		{986E6C49-436F-4CE8-9FC0-EA4F0329D178}.Release|Any CPU.ActiveCfg = Release|Any CPU
		{986E6C49-436F-4CE8-9FC0-EA4F0329D178}.Release|Any CPU.Build.0 = Release|Any CPU
		{E1AF2324-D6FC-439E-AD80-3861929CAF9E}.Debug|Any CPU.ActiveCfg = Debug|Any CPU
		{E1AF2324-D6FC-439E-AD80-3861929CAF9E}.Debug|Any CPU.Build.0 = Debug|Any CPU
		{E1AF2324-D6FC-439E-AD80-3861929CAF9E}.Release|Any CPU.ActiveCfg = Release|Any CPU
		{E1AF2324-D6FC-439E-AD80-3861929CAF9E}.Release|Any CPU.Build.0 = Release|Any CPU
		{77CC02D1-E1EE-45F6-8EC3-835E39458283}.Debug|Any CPU.ActiveCfg = Debug|Any CPU
		{77CC02D1-E1EE-45F6-8EC3-835E39458283}.Debug|Any CPU.Build.0 = Debug|Any CPU
		{77CC02D1-E1EE-45F6-8EC3-835E39458283}.Release|Any CPU.ActiveCfg = Release|Any CPU
		{77CC02D1-E1EE-45F6-8EC3-835E39458283}.Release|Any CPU.Build.0 = Release|Any CPU
		{89C22B56-1796-4F2B-B318-08E35090BF73}.Debug|Any CPU.ActiveCfg = Debug|Any CPU
		{89C22B56-1796-4F2B-B318-08E35090BF73}.Debug|Any CPU.Build.0 = Debug|Any CPU
		{89C22B56-1796-4F2B-B318-08E35090BF73}.Release|Any CPU.ActiveCfg = Release|Any CPU
		{89C22B56-1796-4F2B-B318-08E35090BF73}.Release|Any CPU.Build.0 = Release|Any CPU
		{6C9B977B-96EF-452E-987B-A1633C14C50F}.Debug|Any CPU.ActiveCfg = Debug|Any CPU
		{6C9B977B-96EF-452E-987B-A1633C14C50F}.Debug|Any CPU.Build.0 = Debug|Any CPU
		{6C9B977B-96EF-452E-987B-A1633C14C50F}.Release|Any CPU.ActiveCfg = Release|Any CPU
		{6C9B977B-96EF-452E-987B-A1633C14C50F}.Release|Any CPU.Build.0 = Release|Any CPU
		{B93C3911-CCAF-45DD-8091-493770561775}.Debug|Any CPU.ActiveCfg = Debug|Any CPU
		{B93C3911-CCAF-45DD-8091-493770561775}.Debug|Any CPU.Build.0 = Debug|Any CPU
		{B93C3911-CCAF-45DD-8091-493770561775}.Release|Any CPU.ActiveCfg = Release|Any CPU
		{B93C3911-CCAF-45DD-8091-493770561775}.Release|Any CPU.Build.0 = Release|Any CPU
		{AE23632B-2311-4618-BFC1-9768E22BC0BC}.Debug|Any CPU.ActiveCfg = Debug|Any CPU
		{AE23632B-2311-4618-BFC1-9768E22BC0BC}.Debug|Any CPU.Build.0 = Debug|Any CPU
		{AE23632B-2311-4618-BFC1-9768E22BC0BC}.Release|Any CPU.ActiveCfg = Release|Any CPU
		{AE23632B-2311-4618-BFC1-9768E22BC0BC}.Release|Any CPU.Build.0 = Release|Any CPU
		{8F8E09D4-5AEC-4094-A9F5-43D9ED2FB901}.Debug|Any CPU.ActiveCfg = Debug|Any CPU
		{8F8E09D4-5AEC-4094-A9F5-43D9ED2FB901}.Debug|Any CPU.Build.0 = Debug|Any CPU
		{8F8E09D4-5AEC-4094-A9F5-43D9ED2FB901}.Release|Any CPU.ActiveCfg = Release|Any CPU
		{8F8E09D4-5AEC-4094-A9F5-43D9ED2FB901}.Release|Any CPU.Build.0 = Release|Any CPU
		{B688BC1E-90AB-4795-BDBE-6387C2B9D0A9}.Debug|Any CPU.ActiveCfg = Debug|Any CPU
		{B688BC1E-90AB-4795-BDBE-6387C2B9D0A9}.Debug|Any CPU.Build.0 = Debug|Any CPU
		{B688BC1E-90AB-4795-BDBE-6387C2B9D0A9}.Release|Any CPU.ActiveCfg = Release|Any CPU
		{B688BC1E-90AB-4795-BDBE-6387C2B9D0A9}.Release|Any CPU.Build.0 = Release|Any CPU
		{2B166822-0036-4448-9AF8-BD5C5E38E1C7}.Debug|Any CPU.ActiveCfg = Debug|Any CPU
		{2B166822-0036-4448-9AF8-BD5C5E38E1C7}.Debug|Any CPU.Build.0 = Debug|Any CPU
		{2B166822-0036-4448-9AF8-BD5C5E38E1C7}.Release|Any CPU.ActiveCfg = Release|Any CPU
		{2B166822-0036-4448-9AF8-BD5C5E38E1C7}.Release|Any CPU.Build.0 = Release|Any CPU
		{B35B89FB-8B1A-46E5-A4F0-F740687FD9E2}.Debug|Any CPU.ActiveCfg = Debug|Any CPU
		{B35B89FB-8B1A-46E5-A4F0-F740687FD9E2}.Debug|Any CPU.Build.0 = Debug|Any CPU
		{B35B89FB-8B1A-46E5-A4F0-F740687FD9E2}.Release|Any CPU.ActiveCfg = Release|Any CPU
		{B35B89FB-8B1A-46E5-A4F0-F740687FD9E2}.Release|Any CPU.Build.0 = Release|Any CPU
		{5BFB44CA-4B46-44EF-B811-09C4E04AEFD1}.Debug|Any CPU.ActiveCfg = Debug|Any CPU
		{5BFB44CA-4B46-44EF-B811-09C4E04AEFD1}.Debug|Any CPU.Build.0 = Debug|Any CPU
		{5BFB44CA-4B46-44EF-B811-09C4E04AEFD1}.Release|Any CPU.ActiveCfg = Release|Any CPU
		{5BFB44CA-4B46-44EF-B811-09C4E04AEFD1}.Release|Any CPU.Build.0 = Release|Any CPU
	EndGlobalSection
	GlobalSection(SolutionProperties) = preSolution
		HideSolutionNode = FALSE
	EndGlobalSection
	GlobalSection(ExtensibilityGlobals) = postSolution
		SolutionGuid = {334C5C64-2D52-4DE8-B927-E8A2E6358D94}
	EndGlobalSection
EndGlobal
